
Microsoft Visual Studio Solution File, Format Version 12.00
# Visual Studio Version 17
VisualStudioVersion = 17.4.33122.133
MinimumVisualStudioVersion = 10.0.40219.1
Project("{9A19103F-16F7-4668-BE54-9A1E7A4F7556}") = "CapstoneR2", "CapstoneR2.csproj", "{16AF855C-E76D-4A93-8EEB-583FE6A91E37}"
EndProject
Global
	GlobalSection(SolutionConfigurationPlatforms) = preSolution
		Debug|Any CPU = Debug|Any CPU
		Release|Any CPU = Release|Any CPU
	EndGlobalSection
	GlobalSection(ProjectConfigurationPlatforms) = postSolution
		{16AF855C-E76D-4A93-8EEB-583FE6A91E37}.Debug|Any CPU.ActiveCfg = Debug|Any CPU
		{16AF855C-E76D-4A93-8EEB-583FE6A91E37}.Debug|Any CPU.Build.0 = Debug|Any CPU
		{16AF855C-E76D-4A93-8EEB-583FE6A91E37}.Release|Any CPU.ActiveCfg = Release|Any CPU
		{16AF855C-E76D-4A93-8EEB-583FE6A91E37}.Release|Any CPU.Build.0 = Release|Any CPU
	EndGlobalSection
	GlobalSection(SolutionProperties) = preSolution
		HideSolutionNode = FALSE
	EndGlobalSection
	GlobalSection(ExtensibilityGlobals) = postSolution
		SolutionGuid = {AF4906F4-9854-4F68-96E3-BCB97F501209}
	EndGlobalSection
EndGlobal
